
Microsoft Visual Studio Solution File, Format Version 12.00
# Visual Studio 15
VisualStudioVersion = 15.0.28307.1000
MinimumVisualStudioVersion = 10.0.40219.1
Project("{2150E333-8FDC-42A3-9474-1A3956D46DE8}") = "1.Web", "1.Web", "{AE17A7FD-3946-4779-96D9-E376CDC040BF}"
EndProject
Project("{2150E333-8FDC-42A3-9474-1A3956D46DE8}") = "3.Data", "3.Data", "{B82C91DD-6160-44E8-AE1C-28D42CB1A6CE}"
EndProject
Project("{2150E333-8FDC-42A3-9474-1A3956D46DE8}") = "4.Common", "4.Common", "{81538004-9B34-4792-A224-F338C43BB0A2}"
EndProject
Project("{FAE04EC0-301F-11D3-BF4B-00C04F79EFBC}") = "WebBanHang.Web", "WebBanHang.Web\WebBanHang.Web.csproj", "{6334A31B-4DA0-44C5-A210-EC32212B8F54}"
EndProject
Project("{FAE04EC0-301F-11D3-BF4B-00C04F79EFBC}") = "WebBanHang.Data", "WebBanHang.Data\WebBanHang.Data.csproj", "{F22D4831-06F9-4024-ADC8-31316CD251E0}"
EndProject
Project("{FAE04EC0-301F-11D3-BF4B-00C04F79EFBC}") = "WebBanHang.Common", "WebBanHang.Common\WebBanHang.Common.csproj", "{E885C2C5-D332-45F5-955D-F657C90AB65E}"
EndProject
Project("{2150E333-8FDC-42A3-9474-1A3956D46DE8}") = "2.Service", "2.Service", "{2D2560F9-3101-4581-8A5A-F9D369E40F00}"
EndProject
Project("{FAE04EC0-301F-11D3-BF4B-00C04F79EFBC}") = "WebBanHang.Service", "WebBanHang.Service\WebBanHang.Service.csproj", "{FA69DDC6-4F10-465B-8FF4-841E5487B52F}"
EndProject
Global
	GlobalSection(SolutionConfigurationPlatforms) = preSolution
		Debug|Any CPU = Debug|Any CPU
		Release|Any CPU = Release|Any CPU
	EndGlobalSection
	GlobalSection(ProjectConfigurationPlatforms) = postSolution
		{6334A31B-4DA0-44C5-A210-EC32212B8F54}.Debug|Any CPU.ActiveCfg = Debug|Any CPU
		{6334A31B-4DA0-44C5-A210-EC32212B8F54}.Debug|Any CPU.Build.0 = Debug|Any CPU
		{6334A31B-4DA0-44C5-A210-EC32212B8F54}.Release|Any CPU.ActiveCfg = Release|Any CPU
		{6334A31B-4DA0-44C5-A210-EC32212B8F54}.Release|Any CPU.Build.0 = Release|Any CPU
		{F22D4831-06F9-4024-ADC8-31316CD251E0}.Debug|Any CPU.ActiveCfg = Debug|Any CPU
		{F22D4831-06F9-4024-ADC8-31316CD251E0}.Debug|Any CPU.Build.0 = Debug|Any CPU
		{F22D4831-06F9-4024-ADC8-31316CD251E0}.Release|Any CPU.ActiveCfg = Release|Any CPU
		{F22D4831-06F9-4024-ADC8-31316CD251E0}.Release|Any CPU.Build.0 = Release|Any CPU
		{E885C2C5-D332-45F5-955D-F657C90AB65E}.Debug|Any CPU.ActiveCfg = Debug|Any CPU
		{E885C2C5-D332-45F5-955D-F657C90AB65E}.Debug|Any CPU.Build.0 = Debug|Any CPU
		{E885C2C5-D332-45F5-955D-F657C90AB65E}.Release|Any CPU.ActiveCfg = Release|Any CPU
		{E885C2C5-D332-45F5-955D-F657C90AB65E}.Release|Any CPU.Build.0 = Release|Any CPU
		{FA69DDC6-4F10-465B-8FF4-841E5487B52F}.Debug|Any CPU.ActiveCfg = Debug|Any CPU
		{FA69DDC6-4F10-465B-8FF4-841E5487B52F}.Debug|Any CPU.Build.0 = Debug|Any CPU
		{FA69DDC6-4F10-465B-8FF4-841E5487B52F}.Release|Any CPU.ActiveCfg = Release|Any CPU
		{FA69DDC6-4F10-465B-8FF4-841E5487B52F}.Release|Any CPU.Build.0 = Release|Any CPU
	EndGlobalSection
	GlobalSection(SolutionProperties) = preSolution
		HideSolutionNode = FALSE
	EndGlobalSection
	GlobalSection(NestedProjects) = preSolution
		{6334A31B-4DA0-44C5-A210-EC32212B8F54} = {AE17A7FD-3946-4779-96D9-E376CDC040BF}
		{F22D4831-06F9-4024-ADC8-31316CD251E0} = {B82C91DD-6160-44E8-AE1C-28D42CB1A6CE}
		{E885C2C5-D332-45F5-955D-F657C90AB65E} = {81538004-9B34-4792-A224-F338C43BB0A2}
		{FA69DDC6-4F10-465B-8FF4-841E5487B52F} = {2D2560F9-3101-4581-8A5A-F9D369E40F00}
	EndGlobalSection
	GlobalSection(ExtensibilityGlobals) = postSolution
		SolutionGuid = {CA19B265-B604-4263-8D4D-5DA65D1247F5}
	EndGlobalSection
EndGlobal
